// !$*UTF8*$!
{
	archiveVersion = 1;
	classes = {
	};
	objectVersion = 50;
	objects = {

/* Begin PBXBuildFile section */
		0C51825F273860C200C9AA4B /* Currency.swift in Sources */ = {isa = PBXBuildFile; fileRef = 131003E52381F44E00BB2AFD /* Currency.swift */; };
		0C518260273860D100C9AA4B /* User.swift in Sources */ = {isa = PBXBuildFile; fileRef = 1320FE5F23778F0E00195347 /* User.swift */; };
		131003E62381F44E00BB2AFD /* Currency.swift in Sources */ = {isa = PBXBuildFile; fileRef = 131003E52381F44E00BB2AFD /* Currency.swift */; };
		131003E82381F4DD00BB2AFD /* Currency+Serialization.swift in Sources */ = {isa = PBXBuildFile; fileRef = 131003E72381F4DD00BB2AFD /* Currency+Serialization.swift */; };
		131003EE2381F6E800BB2AFD /* IntExtensions.swift in Sources */ = {isa = PBXBuildFile; fileRef = 131003ED2381F6E800BB2AFD /* IntExtensions.swift */; };
		1320FE53237787BF00195347 /* ServiceFactory.swift in Sources */ = {isa = PBXBuildFile; fileRef = 1320FE52237787BF00195347 /* ServiceFactory.swift */; };
		1320FE55237787CD00195347 /* APIServiceFactory.swift in Sources */ = {isa = PBXBuildFile; fileRef = 1320FE54237787CD00195347 /* APIServiceFactory.swift */; };
		1320FE572377898E00195347 /* HomeViewModel.swift in Sources */ = {isa = PBXBuildFile; fileRef = 1320FE562377898E00195347 /* HomeViewModel.swift */; };
		1320FE5A23778AC000195347 /* ViewFactory.swift in Sources */ = {isa = PBXBuildFile; fileRef = 1320FE5923778AC000195347 /* ViewFactory.swift */; };
		1320FE5C23778EE000195347 /* UserService.swift in Sources */ = {isa = PBXBuildFile; fileRef = 1320FE5B23778EE000195347 /* UserService.swift */; };
		1320FE5E23778EEC00195347 /* PortfolioUserService.swift in Sources */ = {isa = PBXBuildFile; fileRef = 1320FE5D23778EEC00195347 /* PortfolioUserService.swift */; };
		1320FE6023778F0E00195347 /* User.swift in Sources */ = {isa = PBXBuildFile; fileRef = 1320FE5F23778F0E00195347 /* User.swift */; };
		1320FE622378BD2A00195347 /* LocalPersistenceService.swift in Sources */ = {isa = PBXBuildFile; fileRef = 1320FE612378BD2A00195347 /* LocalPersistenceService.swift */; };
		1320FE642378BDCF00195347 /* PortfolioLocalPersistenceService.swift in Sources */ = {isa = PBXBuildFile; fileRef = 1320FE632378BDCF00195347 /* PortfolioLocalPersistenceService.swift */; };
		1338CE6C23808148001F952E /* MockSourceAPIService.swift in Sources */ = {isa = PBXBuildFile; fileRef = 1338CE6B23808148001F952E /* MockSourceAPIService.swift */; };
		1338CE6D238081BB001F952E /* MockSourceAPIService.swift in Sources */ = {isa = PBXBuildFile; fileRef = 1338CE6B23808148001F952E /* MockSourceAPIService.swift */; };
		1338CE6E2380857A001F952E /* SourceAPIService.swift in Sources */ = {isa = PBXBuildFile; fileRef = 1372F9C0236F6BFA00FF0D86 /* SourceAPIService.swift */; };
		1338CE6F2380857D001F952E /* Source.swift in Sources */ = {isa = PBXBuildFile; fileRef = 1372F9C9236F752500FF0D86 /* Source.swift */; };
		1338CE712380BBFF001F952E /* SourceRow.swift in Sources */ = {isa = PBXBuildFile; fileRef = 1338CE702380BBFF001F952E /* SourceRow.swift */; };
		1338CE732380BD2C001F952E /* SourceRowViewModel.swift in Sources */ = {isa = PBXBuildFile; fileRef = 1338CE722380BD2C001F952E /* SourceRowViewModel.swift */; };
		1338CE752380CDDB001F952E /* SourceDetailsView.swift in Sources */ = {isa = PBXBuildFile; fileRef = 1338CE742380CDDB001F952E /* SourceDetailsView.swift */; };
		1338CE772380CE05001F952E /* SourceDetailsViewModel.swift in Sources */ = {isa = PBXBuildFile; fileRef = 1338CE762380CE05001F952E /* SourceDetailsViewModel.swift */; };
		1372F99E236F67AD00FF0D86 /* AppDelegate.swift in Sources */ = {isa = PBXBuildFile; fileRef = 1372F99D236F67AD00FF0D86 /* AppDelegate.swift */; };
		1372F9A0236F67AD00FF0D86 /* SceneDelegate.swift in Sources */ = {isa = PBXBuildFile; fileRef = 1372F99F236F67AD00FF0D86 /* SceneDelegate.swift */; };
		1372F9A2236F67AD00FF0D86 /* HomeView.swift in Sources */ = {isa = PBXBuildFile; fileRef = 1372F9A1236F67AD00FF0D86 /* HomeView.swift */; };
		1372F9A4236F67AF00FF0D86 /* Assets.xcassets in Resources */ = {isa = PBXBuildFile; fileRef = 1372F9A3236F67AF00FF0D86 /* Assets.xcassets */; };
		1372F9A7236F67AF00FF0D86 /* Preview Assets.xcassets in Resources */ = {isa = PBXBuildFile; fileRef = 1372F9A6236F67AF00FF0D86 /* Preview Assets.xcassets */; };
		1372F9AA236F67AF00FF0D86 /* LaunchScreen.storyboard in Resources */ = {isa = PBXBuildFile; fileRef = 1372F9A8236F67AF00FF0D86 /* LaunchScreen.storyboard */; };
		1372F9B5236F67AF00FF0D86 /* PortfolioTests.swift in Sources */ = {isa = PBXBuildFile; fileRef = 1372F9B4236F67AF00FF0D86 /* PortfolioTests.swift */; };
		1372F9C1236F6BFA00FF0D86 /* SourceAPIService.swift in Sources */ = {isa = PBXBuildFile; fileRef = 1372F9C0236F6BFA00FF0D86 /* SourceAPIService.swift */; };
		1372F9C3236F6C0D00FF0D86 /* APIClient.swift in Sources */ = {isa = PBXBuildFile; fileRef = 1372F9C2236F6C0D00FF0D86 /* APIClient.swift */; };
		1372F9CA236F752500FF0D86 /* Source.swift in Sources */ = {isa = PBXBuildFile; fileRef = 1372F9C9236F752500FF0D86 /* Source.swift */; };
		1372F9CF236F773400FF0D86 /* Serializable.swift in Sources */ = {isa = PBXBuildFile; fileRef = 1372F9CE236F773400FF0D86 /* Serializable.swift */; };
		1372F9D1236F7FE800FF0D86 /* Source+Serialization.swift in Sources */ = {isa = PBXBuildFile; fileRef = 1372F9D0236F7FE800FF0D86 /* Source+Serialization.swift */; };
		1372F9D3236F96C800FF0D86 /* PortfolioSourceAPIService.swift in Sources */ = {isa = PBXBuildFile; fileRef = 1372F9D2236F96C800FF0D86 /* PortfolioSourceAPIService.swift */; };
		1372F9D6236F970B00FF0D86 /* APIError.swift in Sources */ = {isa = PBXBuildFile; fileRef = 1372F9D5236F970B00FF0D86 /* APIError.swift */; };
		1372F9D8236F972400FF0D86 /* PortfolioAPIClient.swift in Sources */ = {isa = PBXBuildFile; fileRef = 1372F9D7236F972400FF0D86 /* PortfolioAPIClient.swift */; };
		1372F9DA236F974600FF0D86 /* Request.swift in Sources */ = {isa = PBXBuildFile; fileRef = 1372F9D9236F974600FF0D86 /* Request.swift */; };
/* End PBXBuildFile section */

/* Begin PBXContainerItemProxy section */
		1372F9B1236F67AF00FF0D86 /* PBXContainerItemProxy */ = {
			isa = PBXContainerItemProxy;
			containerPortal = 1372F992236F67AD00FF0D86 /* Project object */;
			proxyType = 1;
			remoteGlobalIDString = 1372F999236F67AD00FF0D86;
			remoteInfo = Portfolio;
		};
/* End PBXContainerItemProxy section */

/* Begin PBXFileReference section */
		131003E52381F44E00BB2AFD /* Currency.swift */ = {isa = PBXFileReference; lastKnownFileType = sourcecode.swift; path = Currency.swift; sourceTree = "<group>"; };
		131003E72381F4DD00BB2AFD /* Currency+Serialization.swift */ = {isa = PBXFileReference; lastKnownFileType = sourcecode.swift; path = "Currency+Serialization.swift"; sourceTree = "<group>"; };
		131003ED2381F6E800BB2AFD /* IntExtensions.swift */ = {isa = PBXFileReference; lastKnownFileType = sourcecode.swift; path = IntExtensions.swift; sourceTree = "<group>"; };
		1320FE52237787BF00195347 /* ServiceFactory.swift */ = {isa = PBXFileReference; lastKnownFileType = sourcecode.swift; path = ServiceFactory.swift; sourceTree = "<group>"; };
		1320FE54237787CD00195347 /* APIServiceFactory.swift */ = {isa = PBXFileReference; lastKnownFileType = sourcecode.swift; path = APIServiceFactory.swift; sourceTree = "<group>"; };
		1320FE562377898E00195347 /* HomeViewModel.swift */ = {isa = PBXFileReference; lastKnownFileType = sourcecode.swift; path = HomeViewModel.swift; sourceTree = "<group>"; };
		1320FE5923778AC000195347 /* ViewFactory.swift */ = {isa = PBXFileReference; lastKnownFileType = sourcecode.swift; path = ViewFactory.swift; sourceTree = "<group>"; };
		1320FE5B23778EE000195347 /* UserService.swift */ = {isa = PBXFileReference; lastKnownFileType = sourcecode.swift; path = UserService.swift; sourceTree = "<group>"; };
		1320FE5D23778EEC00195347 /* PortfolioUserService.swift */ = {isa = PBXFileReference; lastKnownFileType = sourcecode.swift; path = PortfolioUserService.swift; sourceTree = "<group>"; };
		1320FE5F23778F0E00195347 /* User.swift */ = {isa = PBXFileReference; lastKnownFileType = sourcecode.swift; path = User.swift; sourceTree = "<group>"; };
		1320FE612378BD2A00195347 /* LocalPersistenceService.swift */ = {isa = PBXFileReference; lastKnownFileType = sourcecode.swift; path = LocalPersistenceService.swift; sourceTree = "<group>"; };
		1320FE632378BDCF00195347 /* PortfolioLocalPersistenceService.swift */ = {isa = PBXFileReference; lastKnownFileType = sourcecode.swift; path = PortfolioLocalPersistenceService.swift; sourceTree = "<group>"; };
		1338CE6B23808148001F952E /* MockSourceAPIService.swift */ = {isa = PBXFileReference; lastKnownFileType = sourcecode.swift; path = MockSourceAPIService.swift; sourceTree = "<group>"; };
		1338CE702380BBFF001F952E /* SourceRow.swift */ = {isa = PBXFileReference; lastKnownFileType = sourcecode.swift; path = SourceRow.swift; sourceTree = "<group>"; };
		1338CE722380BD2C001F952E /* SourceRowViewModel.swift */ = {isa = PBXFileReference; lastKnownFileType = sourcecode.swift; path = SourceRowViewModel.swift; sourceTree = "<group>"; };
		1338CE742380CDDB001F952E /* SourceDetailsView.swift */ = {isa = PBXFileReference; lastKnownFileType = sourcecode.swift; path = SourceDetailsView.swift; sourceTree = "<group>"; };
		1338CE762380CE05001F952E /* SourceDetailsViewModel.swift */ = {isa = PBXFileReference; lastKnownFileType = sourcecode.swift; path = SourceDetailsViewModel.swift; sourceTree = "<group>"; };
		1372F99A236F67AD00FF0D86 /* Portfolio.app */ = {isa = PBXFileReference; explicitFileType = wrapper.application; includeInIndex = 0; path = Portfolio.app; sourceTree = BUILT_PRODUCTS_DIR; };
		1372F99D236F67AD00FF0D86 /* AppDelegate.swift */ = {isa = PBXFileReference; lastKnownFileType = sourcecode.swift; path = AppDelegate.swift; sourceTree = "<group>"; };
		1372F99F236F67AD00FF0D86 /* SceneDelegate.swift */ = {isa = PBXFileReference; lastKnownFileType = sourcecode.swift; path = SceneDelegate.swift; sourceTree = "<group>"; };
		1372F9A1236F67AD00FF0D86 /* HomeView.swift */ = {isa = PBXFileReference; lastKnownFileType = sourcecode.swift; path = HomeView.swift; sourceTree = "<group>"; };
		1372F9A3236F67AF00FF0D86 /* Assets.xcassets */ = {isa = PBXFileReference; lastKnownFileType = folder.assetcatalog; path = Assets.xcassets; sourceTree = "<group>"; };
		1372F9A6236F67AF00FF0D86 /* Preview Assets.xcassets */ = {isa = PBXFileReference; lastKnownFileType = folder.assetcatalog; path = "Preview Assets.xcassets"; sourceTree = "<group>"; };
		1372F9A9236F67AF00FF0D86 /* Base */ = {isa = PBXFileReference; lastKnownFileType = file.storyboard; name = Base; path = Base.lproj/LaunchScreen.storyboard; sourceTree = "<group>"; };
		1372F9AB236F67AF00FF0D86 /* Info.plist */ = {isa = PBXFileReference; lastKnownFileType = text.plist.xml; path = Info.plist; sourceTree = "<group>"; };
		1372F9B0236F67AF00FF0D86 /* PortfolioTests.xctest */ = {isa = PBXFileReference; explicitFileType = wrapper.cfbundle; includeInIndex = 0; path = PortfolioTests.xctest; sourceTree = BUILT_PRODUCTS_DIR; };
		1372F9B4236F67AF00FF0D86 /* PortfolioTests.swift */ = {isa = PBXFileReference; lastKnownFileType = sourcecode.swift; path = PortfolioTests.swift; sourceTree = "<group>"; };
		1372F9B6236F67AF00FF0D86 /* Info.plist */ = {isa = PBXFileReference; lastKnownFileType = text.plist.xml; path = Info.plist; sourceTree = "<group>"; };
		1372F9C0236F6BFA00FF0D86 /* SourceAPIService.swift */ = {isa = PBXFileReference; lastKnownFileType = sourcecode.swift; path = SourceAPIService.swift; sourceTree = "<group>"; };
		1372F9C2236F6C0D00FF0D86 /* APIClient.swift */ = {isa = PBXFileReference; lastKnownFileType = sourcecode.swift; path = APIClient.swift; sourceTree = "<group>"; };
		1372F9C9236F752500FF0D86 /* Source.swift */ = {isa = PBXFileReference; lastKnownFileType = sourcecode.swift; path = Source.swift; sourceTree = "<group>"; };
		1372F9CE236F773400FF0D86 /* Serializable.swift */ = {isa = PBXFileReference; lastKnownFileType = sourcecode.swift; path = Serializable.swift; sourceTree = "<group>"; };
		1372F9D0236F7FE800FF0D86 /* Source+Serialization.swift */ = {isa = PBXFileReference; lastKnownFileType = sourcecode.swift; path = "Source+Serialization.swift"; sourceTree = "<group>"; };
		1372F9D2236F96C800FF0D86 /* PortfolioSourceAPIService.swift */ = {isa = PBXFileReference; lastKnownFileType = sourcecode.swift; path = PortfolioSourceAPIService.swift; sourceTree = "<group>"; };
		1372F9D5236F970B00FF0D86 /* APIError.swift */ = {isa = PBXFileReference; lastKnownFileType = sourcecode.swift; path = APIError.swift; sourceTree = "<group>"; };
		1372F9D7236F972400FF0D86 /* PortfolioAPIClient.swift */ = {isa = PBXFileReference; lastKnownFileType = sourcecode.swift; path = PortfolioAPIClient.swift; sourceTree = "<group>"; };
		1372F9D9236F974600FF0D86 /* Request.swift */ = {isa = PBXFileReference; lastKnownFileType = sourcecode.swift; path = Request.swift; sourceTree = "<group>"; };
/* End PBXFileReference section */

/* Begin PBXFrameworksBuildPhase section */
		1372F997236F67AD00FF0D86 /* Frameworks */ = {
			isa = PBXFrameworksBuildPhase;
			buildActionMask = 2147483647;
			files = (
			);
			runOnlyForDeploymentPostprocessing = 0;
		};
		1372F9AD236F67AF00FF0D86 /* Frameworks */ = {
			isa = PBXFrameworksBuildPhase;
			buildActionMask = 2147483647;
			files = (
			);
			runOnlyForDeploymentPostprocessing = 0;
		};
/* End PBXFrameworksBuildPhase section */

/* Begin PBXGroup section */
		131003E92381F64400BB2AFD /* Extensions */ = {
			isa = PBXGroup;
			children = (
				131003EA2381F65200BB2AFD /* Models */,
			);
			path = Extensions;
			sourceTree = "<group>";
		};
		131003EA2381F65200BB2AFD /* Models */ = {
			isa = PBXGroup;
			children = (
				131003ED2381F6E800BB2AFD /* IntExtensions.swift */,
			);
			path = Models;
			sourceTree = "<group>";
		};
		1320FE50237786BC00195347 /* Services */ = {
			isa = PBXGroup;
			children = (
				1320FE5B23778EE000195347 /* UserService.swift */,
				1320FE5D23778EEC00195347 /* PortfolioUserService.swift */,
				1320FE612378BD2A00195347 /* LocalPersistenceService.swift */,
				1320FE632378BDCF00195347 /* PortfolioLocalPersistenceService.swift */,
			);
			path = Services;
			sourceTree = "<group>";
		};
		1320FE512377876800195347 /* Factories */ = {
			isa = PBXGroup;
			children = (
				1320FE52237787BF00195347 /* ServiceFactory.swift */,
				1320FE54237787CD00195347 /* APIServiceFactory.swift */,
				1320FE5923778AC000195347 /* ViewFactory.swift */,
			);
			path = Factories;
			sourceTree = "<group>";
		};
		1320FE582377899400195347 /* ViewModels */ = {
			isa = PBXGroup;
			children = (
				1320FE562377898E00195347 /* HomeViewModel.swift */,
				1338CE722380BD2C001F952E /* SourceRowViewModel.swift */,
				1338CE762380CE05001F952E /* SourceDetailsViewModel.swift */,
			);
			path = ViewModels;
			sourceTree = "<group>";
		};
		1320FE672378D25500195347 /* Views */ = {
			isa = PBXGroup;
			children = (
				1372F9A1236F67AD00FF0D86 /* HomeView.swift */,
				1338CE702380BBFF001F952E /* SourceRow.swift */,
				1338CE742380CDDB001F952E /* SourceDetailsView.swift */,
			);
			path = Views;
			sourceTree = "<group>";
		};
		1338CE6A23808135001F952E /* API Services */ = {
			isa = PBXGroup;
			children = (
				1338CE6B23808148001F952E /* MockSourceAPIService.swift */,
			);
			path = "API Services";
			sourceTree = "<group>";
		};
		1372F991236F67AD00FF0D86 = {
			isa = PBXGroup;
			children = (
				1372F99C236F67AD00FF0D86 /* Portfolio */,
				1372F9B3236F67AF00FF0D86 /* PortfolioTests */,
				1372F99B236F67AD00FF0D86 /* Products */,
			);
			sourceTree = "<group>";
		};
		1372F99B236F67AD00FF0D86 /* Products */ = {
			isa = PBXGroup;
			children = (
				1372F99A236F67AD00FF0D86 /* Portfolio.app */,
				1372F9B0236F67AF00FF0D86 /* PortfolioTests.xctest */,
			);
			name = Products;
			sourceTree = "<group>";
		};
		1372F99C236F67AD00FF0D86 /* Portfolio */ = {
			isa = PBXGroup;
			children = (
				1372F99D236F67AD00FF0D86 /* AppDelegate.swift */,
				1372F99F236F67AD00FF0D86 /* SceneDelegate.swift */,
				1320FE672378D25500195347 /* Views */,
				1320FE582377899400195347 /* ViewModels */,
				1320FE512377876800195347 /* Factories */,
				1320FE50237786BC00195347 /* Services */,
				1372F9BF236F6BBE00FF0D86 /* API Services */,
				1372F9D4236F96F000FF0D86 /* Networking */,
				1372F9CD236F770500FF0D86 /* Serialization */,
				1372F9C8236F751D00FF0D86 /* Models */,
				131003E92381F64400BB2AFD /* Extensions */,
				1372F9A3236F67AF00FF0D86 /* Assets.xcassets */,
				1372F9A8236F67AF00FF0D86 /* LaunchScreen.storyboard */,
				1372F9AB236F67AF00FF0D86 /* Info.plist */,
				1372F9A5236F67AF00FF0D86 /* Preview Content */,
			);
			path = Portfolio;
			sourceTree = "<group>";
		};
		1372F9A5236F67AF00FF0D86 /* Preview Content */ = {
			isa = PBXGroup;
			children = (
				1372F9A6236F67AF00FF0D86 /* Preview Assets.xcassets */,
			);
			path = "Preview Content";
			sourceTree = "<group>";
		};
		1372F9B3236F67AF00FF0D86 /* PortfolioTests */ = {
			isa = PBXGroup;
			children = (
				1338CE6A23808135001F952E /* API Services */,
				1372F9B4236F67AF00FF0D86 /* PortfolioTests.swift */,
				1372F9B6236F67AF00FF0D86 /* Info.plist */,
			);
			path = PortfolioTests;
			sourceTree = "<group>";
		};
		1372F9BF236F6BBE00FF0D86 /* API Services */ = {
			isa = PBXGroup;
			children = (
				1372F9C0236F6BFA00FF0D86 /* SourceAPIService.swift */,
				1372F9D2236F96C800FF0D86 /* PortfolioSourceAPIService.swift */,
			);
			path = "API Services";
			sourceTree = "<group>";
		};
		1372F9C8236F751D00FF0D86 /* Models */ = {
			isa = PBXGroup;
			children = (
				1320FE5F23778F0E00195347 /* User.swift */,
				1372F9C9236F752500FF0D86 /* Source.swift */,
				131003E52381F44E00BB2AFD /* Currency.swift */,
			);
			path = Models;
			sourceTree = "<group>";
		};
		1372F9CD236F770500FF0D86 /* Serialization */ = {
			isa = PBXGroup;
			children = (
				1372F9CE236F773400FF0D86 /* Serializable.swift */,
				1372F9D0236F7FE800FF0D86 /* Source+Serialization.swift */,
				131003E72381F4DD00BB2AFD /* Currency+Serialization.swift */,
			);
			path = Serialization;
			sourceTree = "<group>";
		};
		1372F9D4236F96F000FF0D86 /* Networking */ = {
			isa = PBXGroup;
			children = (
				1372F9C2236F6C0D00FF0D86 /* APIClient.swift */,
				1372F9D7236F972400FF0D86 /* PortfolioAPIClient.swift */,
				1372F9D5236F970B00FF0D86 /* APIError.swift */,
				1372F9D9236F974600FF0D86 /* Request.swift */,
			);
			path = Networking;
			sourceTree = "<group>";
		};
/* End PBXGroup section */

/* Begin PBXNativeTarget section */
		1372F999236F67AD00FF0D86 /* Portfolio */ = {
			isa = PBXNativeTarget;
			buildConfigurationList = 1372F9B9236F67AF00FF0D86 /* Build configuration list for PBXNativeTarget "Portfolio" */;
			buildPhases = (
				1372F996236F67AD00FF0D86 /* Sources */,
				1372F997236F67AD00FF0D86 /* Frameworks */,
				1372F998236F67AD00FF0D86 /* Resources */,
			);
			buildRules = (
			);
			dependencies = (
			);
			name = Portfolio;
			productName = Portfolio;
			productReference = 1372F99A236F67AD00FF0D86 /* Portfolio.app */;
			productType = "com.apple.product-type.application";
		};
		1372F9AF236F67AF00FF0D86 /* PortfolioTests */ = {
			isa = PBXNativeTarget;
			buildConfigurationList = 1372F9BC236F67AF00FF0D86 /* Build configuration list for PBXNativeTarget "PortfolioTests" */;
			buildPhases = (
				1372F9AC236F67AF00FF0D86 /* Sources */,
				1372F9AD236F67AF00FF0D86 /* Frameworks */,
				1372F9AE236F67AF00FF0D86 /* Resources */,
			);
			buildRules = (
			);
			dependencies = (
				1372F9B2236F67AF00FF0D86 /* PBXTargetDependency */,
			);
			name = PortfolioTests;
			productName = PortfolioTests;
			productReference = 1372F9B0236F67AF00FF0D86 /* PortfolioTests.xctest */;
			productType = "com.apple.product-type.bundle.unit-test";
		};
/* End PBXNativeTarget section */

/* Begin PBXProject section */
		1372F992236F67AD00FF0D86 /* Project object */ = {
			isa = PBXProject;
			attributes = {
				LastSwiftUpdateCheck = 1100;
				LastUpgradeCheck = 1100;
				ORGANIZATIONNAME = "Bastien Falcou";
				TargetAttributes = {
					1372F999236F67AD00FF0D86 = {
						CreatedOnToolsVersion = 11.0;
					};
					1372F9AF236F67AF00FF0D86 = {
						CreatedOnToolsVersion = 11.0;
						TestTargetID = 1372F999236F67AD00FF0D86;
					};
				};
			};
			buildConfigurationList = 1372F995236F67AD00FF0D86 /* Build configuration list for PBXProject "Portfolio" */;
			compatibilityVersion = "Xcode 9.3";
			developmentRegion = en;
			hasScannedForEncodings = 0;
			knownRegions = (
				en,
				Base,
			);
			mainGroup = 1372F991236F67AD00FF0D86;
			productRefGroup = 1372F99B236F67AD00FF0D86 /* Products */;
			projectDirPath = "";
			projectRoot = "";
			targets = (
				1372F999236F67AD00FF0D86 /* Portfolio */,
				1372F9AF236F67AF00FF0D86 /* PortfolioTests */,
			);
		};
/* End PBXProject section */

/* Begin PBXResourcesBuildPhase section */
		1372F998236F67AD00FF0D86 /* Resources */ = {
			isa = PBXResourcesBuildPhase;
			buildActionMask = 2147483647;
			files = (
				1372F9AA236F67AF00FF0D86 /* LaunchScreen.storyboard in Resources */,
				1372F9A7236F67AF00FF0D86 /* Preview Assets.xcassets in Resources */,
				1372F9A4236F67AF00FF0D86 /* Assets.xcassets in Resources */,
			);
			runOnlyForDeploymentPostprocessing = 0;
		};
		1372F9AE236F67AF00FF0D86 /* Resources */ = {
			isa = PBXResourcesBuildPhase;
			buildActionMask = 2147483647;
			files = (
			);
			runOnlyForDeploymentPostprocessing = 0;
		};
/* End PBXResourcesBuildPhase section */

/* Begin PBXSourcesBuildPhase section */
		1372F996236F67AD00FF0D86 /* Sources */ = {
			isa = PBXSourcesBuildPhase;
			buildActionMask = 2147483647;
			files = (
				1320FE572377898E00195347 /* HomeViewModel.swift in Sources */,
				1372F9D8236F972400FF0D86 /* PortfolioAPIClient.swift in Sources */,
				1372F9C1236F6BFA00FF0D86 /* SourceAPIService.swift in Sources */,
				1320FE5A23778AC000195347 /* ViewFactory.swift in Sources */,
				1338CE752380CDDB001F952E /* SourceDetailsView.swift in Sources */,
				1372F99E236F67AD00FF0D86 /* AppDelegate.swift in Sources */,
				1320FE642378BDCF00195347 /* PortfolioLocalPersistenceService.swift in Sources */,
				1372F9A0236F67AD00FF0D86 /* SceneDelegate.swift in Sources */,
				1338CE6D238081BB001F952E /* MockSourceAPIService.swift in Sources */,
				131003E82381F4DD00BB2AFD /* Currency+Serialization.swift in Sources */,
				131003E62381F44E00BB2AFD /* Currency.swift in Sources */,
				1372F9CF236F773400FF0D86 /* Serializable.swift in Sources */,
				1372F9D3236F96C800FF0D86 /* PortfolioSourceAPIService.swift in Sources */,
				1372F9D6236F970B00FF0D86 /* APIError.swift in Sources */,
				1320FE53237787BF00195347 /* ServiceFactory.swift in Sources */,
				131003EE2381F6E800BB2AFD /* IntExtensions.swift in Sources */,
				1320FE55237787CD00195347 /* APIServiceFactory.swift in Sources */,
				1338CE732380BD2C001F952E /* SourceRowViewModel.swift in Sources */,
				1372F9CA236F752500FF0D86 /* Source.swift in Sources */,
				1372F9C3236F6C0D00FF0D86 /* APIClient.swift in Sources */,
				1320FE5C23778EE000195347 /* UserService.swift in Sources */,
				1338CE712380BBFF001F952E /* SourceRow.swift in Sources */,
				1372F9A2236F67AD00FF0D86 /* HomeView.swift in Sources */,
				1320FE6023778F0E00195347 /* User.swift in Sources */,
				1372F9DA236F974600FF0D86 /* Request.swift in Sources */,
				1372F9D1236F7FE800FF0D86 /* Source+Serialization.swift in Sources */,
				1338CE772380CE05001F952E /* SourceDetailsViewModel.swift in Sources */,
				1320FE5E23778EEC00195347 /* PortfolioUserService.swift in Sources */,
				1320FE622378BD2A00195347 /* LocalPersistenceService.swift in Sources */,
			);
			runOnlyForDeploymentPostprocessing = 0;
		};
		1372F9AC236F67AF00FF0D86 /* Sources */ = {
			isa = PBXSourcesBuildPhase;
			buildActionMask = 2147483647;
			files = (
				1338CE6F2380857D001F952E /* Source.swift in Sources */,
				0C518260273860D100C9AA4B /* User.swift in Sources */,
				0C51825F273860C200C9AA4B /* Currency.swift in Sources */,
				1338CE6E2380857A001F952E /* SourceAPIService.swift in Sources */,
				1372F9B5236F67AF00FF0D86 /* PortfolioTests.swift in Sources */,
				1338CE6C23808148001F952E /* MockSourceAPIService.swift in Sources */,
			);
			runOnlyForDeploymentPostprocessing = 0;
		};
/* End PBXSourcesBuildPhase section */

/* Begin PBXTargetDependency section */
		1372F9B2236F67AF00FF0D86 /* PBXTargetDependency */ = {
			isa = PBXTargetDependency;
			target = 1372F999236F67AD00FF0D86 /* Portfolio */;
			targetProxy = 1372F9B1236F67AF00FF0D86 /* PBXContainerItemProxy */;
		};
/* End PBXTargetDependency section */

/* Begin PBXVariantGroup section */
		1372F9A8236F67AF00FF0D86 /* LaunchScreen.storyboard */ = {
			isa = PBXVariantGroup;
			children = (
				1372F9A9236F67AF00FF0D86 /* Base */,
			);
			name = LaunchScreen.storyboard;
			sourceTree = "<group>";
		};
/* End PBXVariantGroup section */

/* Begin XCBuildConfiguration section */
		1372F9B7236F67AF00FF0D86 /* Debug */ = {
			isa = XCBuildConfiguration;
			buildSettings = {
				ALWAYS_SEARCH_USER_PATHS = NO;
				CLANG_ANALYZER_NONNULL = YES;
				CLANG_ANALYZER_NUMBER_OBJECT_CONVERSION = YES_AGGRESSIVE;
				CLANG_CXX_LANGUAGE_STANDARD = "gnu++14";
				CLANG_CXX_LIBRARY = "libc++";
				CLANG_ENABLE_MODULES = YES;
				CLANG_ENABLE_OBJC_ARC = YES;
				CLANG_ENABLE_OBJC_WEAK = YES;
				CLANG_WARN_BLOCK_CAPTURE_AUTORELEASING = YES;
				CLANG_WARN_BOOL_CONVERSION = YES;
				CLANG_WARN_COMMA = YES;
				CLANG_WARN_CONSTANT_CONVERSION = YES;
				CLANG_WARN_DEPRECATED_OBJC_IMPLEMENTATIONS = YES;
				CLANG_WARN_DIRECT_OBJC_ISA_USAGE = YES_ERROR;
				CLANG_WARN_DOCUMENTATION_COMMENTS = YES;
				CLANG_WARN_EMPTY_BODY = YES;
				CLANG_WARN_ENUM_CONVERSION = YES;
				CLANG_WARN_INFINITE_RECURSION = YES;
				CLANG_WARN_INT_CONVERSION = YES;
				CLANG_WARN_NON_LITERAL_NULL_CONVERSION = YES;
				CLANG_WARN_OBJC_IMPLICIT_RETAIN_SELF = YES;
				CLANG_WARN_OBJC_LITERAL_CONVERSION = YES;
				CLANG_WARN_OBJC_ROOT_CLASS = YES_ERROR;
				CLANG_WARN_RANGE_LOOP_ANALYSIS = YES;
				CLANG_WARN_STRICT_PROTOTYPES = YES;
				CLANG_WARN_SUSPICIOUS_MOVE = YES;
				CLANG_WARN_UNGUARDED_AVAILABILITY = YES_AGGRESSIVE;
				CLANG_WARN_UNREACHABLE_CODE = YES;
				CLANG_WARN__DUPLICATE_METHOD_MATCH = YES;
				COPY_PHASE_STRIP = NO;
				DEBUG_INFORMATION_FORMAT = dwarf;
				ENABLE_STRICT_OBJC_MSGSEND = YES;
				ENABLE_TESTABILITY = YES;
				GCC_C_LANGUAGE_STANDARD = gnu11;
				GCC_DYNAMIC_NO_PIC = NO;
				GCC_NO_COMMON_BLOCKS = YES;
				GCC_OPTIMIZATION_LEVEL = 0;
				GCC_PREPROCESSOR_DEFINITIONS = (
					"DEBUG=1",
					"$(inherited)",
				);
				GCC_WARN_64_TO_32_BIT_CONVERSION = YES;
				GCC_WARN_ABOUT_RETURN_TYPE = YES_ERROR;
				GCC_WARN_UNDECLARED_SELECTOR = YES;
				GCC_WARN_UNINITIALIZED_AUTOS = YES_AGGRESSIVE;
				GCC_WARN_UNUSED_FUNCTION = YES;
				GCC_WARN_UNUSED_VARIABLE = YES;
				IPHONEOS_DEPLOYMENT_TARGET = 13.0;
				MTL_ENABLE_DEBUG_INFO = INCLUDE_SOURCE;
				MTL_FAST_MATH = YES;
				ONLY_ACTIVE_ARCH = YES;
				SDKROOT = iphoneos;
				SWIFT_ACTIVE_COMPILATION_CONDITIONS = DEBUG;
				SWIFT_OPTIMIZATION_LEVEL = "-Onone";
			};
			name = Debug;
		};
		1372F9B8236F67AF00FF0D86 /* Release */ = {
			isa = XCBuildConfiguration;
			buildSettings = {
				ALWAYS_SEARCH_USER_PATHS = NO;
				CLANG_ANALYZER_NONNULL = YES;
				CLANG_ANALYZER_NUMBER_OBJECT_CONVERSION = YES_AGGRESSIVE;
				CLANG_CXX_LANGUAGE_STANDARD = "gnu++14";
				CLANG_CXX_LIBRARY = "libc++";
				CLANG_ENABLE_MODULES = YES;
				CLANG_ENABLE_OBJC_ARC = YES;
				CLANG_ENABLE_OBJC_WEAK = YES;
				CLANG_WARN_BLOCK_CAPTURE_AUTORELEASING = YES;
				CLANG_WARN_BOOL_CONVERSION = YES;
				CLANG_WARN_COMMA = YES;
				CLANG_WARN_CONSTANT_CONVERSION = YES;
				CLANG_WARN_DEPRECATED_OBJC_IMPLEMENTATIONS = YES;
				CLANG_WARN_DIRECT_OBJC_ISA_USAGE = YES_ERROR;
				CLANG_WARN_DOCUMENTATION_COMMENTS = YES;
				CLANG_WARN_EMPTY_BODY = YES;
				CLANG_WARN_ENUM_CONVERSION = YES;
				CLANG_WARN_INFINITE_RECURSION = YES;
				CLANG_WARN_INT_CONVERSION = YES;
				CLANG_WARN_NON_LITERAL_NULL_CONVERSION = YES;
				CLANG_WARN_OBJC_IMPLICIT_RETAIN_SELF = YES;
				CLANG_WARN_OBJC_LITERAL_CONVERSION = YES;
				CLANG_WARN_OBJC_ROOT_CLASS = YES_ERROR;
				CLANG_WARN_RANGE_LOOP_ANALYSIS = YES;
				CLANG_WARN_STRICT_PROTOTYPES = YES;
				CLANG_WARN_SUSPICIOUS_MOVE = YES;
				CLANG_WARN_UNGUARDED_AVAILABILITY = YES_AGGRESSIVE;
				CLANG_WARN_UNREACHABLE_CODE = YES;
				CLANG_WARN__DUPLICATE_METHOD_MATCH = YES;
				COPY_PHASE_STRIP = NO;
				DEBUG_INFORMATION_FORMAT = "dwarf-with-dsym";
				ENABLE_NS_ASSERTIONS = NO;
				ENABLE_STRICT_OBJC_MSGSEND = YES;
				GCC_C_LANGUAGE_STANDARD = gnu11;
				GCC_NO_COMMON_BLOCKS = YES;
				GCC_WARN_64_TO_32_BIT_CONVERSION = YES;
				GCC_WARN_ABOUT_RETURN_TYPE = YES_ERROR;
				GCC_WARN_UNDECLARED_SELECTOR = YES;
				GCC_WARN_UNINITIALIZED_AUTOS = YES_AGGRESSIVE;
				GCC_WARN_UNUSED_FUNCTION = YES;
				GCC_WARN_UNUSED_VARIABLE = YES;
				IPHONEOS_DEPLOYMENT_TARGET = 13.0;
				MTL_ENABLE_DEBUG_INFO = NO;
				MTL_FAST_MATH = YES;
				SDKROOT = iphoneos;
				SWIFT_COMPILATION_MODE = wholemodule;
				SWIFT_OPTIMIZATION_LEVEL = "-O";
				VALIDATE_PRODUCT = YES;
			};
			name = Release;
		};
		1372F9BA236F67AF00FF0D86 /* Debug */ = {
			isa = XCBuildConfiguration;
			buildSettings = {
				ASSETCATALOG_COMPILER_APPICON_NAME = AppIcon;
				CODE_SIGN_STYLE = Automatic;
				DEVELOPMENT_ASSET_PATHS = "\"Portfolio/Preview Content\"";
				DEVELOPMENT_TEAM = 975YEVYX95;
				ENABLE_PREVIEWS = YES;
				INFOPLIST_FILE = Portfolio/Info.plist;
				LD_RUNPATH_SEARCH_PATHS = (
					"$(inherited)",
					"@executable_path/Frameworks",
				);
				PRODUCT_BUNDLE_IDENTIFIER = bastienFalcou.Portfolio;
				PRODUCT_NAME = "$(TARGET_NAME)";
				SWIFT_VERSION = 5.0;
				TARGETED_DEVICE_FAMILY = "1,2";
			};
			name = Debug;
		};
		1372F9BB236F67AF00FF0D86 /* Release */ = {
			isa = XCBuildConfiguration;
			buildSettings = {
				ASSETCATALOG_COMPILER_APPICON_NAME = AppIcon;
				CODE_SIGN_STYLE = Automatic;
				DEVELOPMENT_ASSET_PATHS = "\"Portfolio/Preview Content\"";
				DEVELOPMENT_TEAM = 975YEVYX95;
				ENABLE_PREVIEWS = YES;
				INFOPLIST_FILE = Portfolio/Info.plist;
				LD_RUNPATH_SEARCH_PATHS = (
					"$(inherited)",
					"@executable_path/Frameworks",
				);
				PRODUCT_BUNDLE_IDENTIFIER = bastienFalcou.Portfolio;
				PRODUCT_NAME = "$(TARGET_NAME)";
				SWIFT_VERSION = 5.0;
				TARGETED_DEVICE_FAMILY = "1,2";
			};
			name = Release;
		};
		1372F9BD236F67AF00FF0D86 /* Debug */ = {
			isa = XCBuildConfiguration;
			buildSettings = {
				ALWAYS_EMBED_SWIFT_STANDARD_LIBRARIES = YES;
				BUNDLE_LOADER = "$(TEST_HOST)";
				CODE_SIGN_STYLE = Automatic;
				DEVELOPMENT_TEAM = 975YEVYX95;
				INFOPLIST_FILE = PortfolioTests/Info.plist;
				IPHONEOS_DEPLOYMENT_TARGET = 13.0;
				LD_RUNPATH_SEARCH_PATHS = (
					"$(inherited)",
					"@executable_path/Frameworks",
					"@loader_path/Frameworks",
				);
				PRODUCT_BUNDLE_IDENTIFIER = bastienFalcou.PortfolioTests;
				PRODUCT_NAME = "$(TARGET_NAME)";
				SWIFT_VERSION = 5.0;
				TARGETED_DEVICE_FAMILY = "1,2";
				TEST_HOST = "$(BUILT_PRODUCTS_DIR)/Portfolio.app/Portfolio";
			};
			name = Debug;
		};
		1372F9BE236F67AF00FF0D86 /* Release */ = {
			isa = XCBuildConfiguration;
			buildSettings = {
				ALWAYS_EMBED_SWIFT_STANDARD_LIBRARIES = YES;
				BUNDLE_LOADER = "$(TEST_HOST)";
				CODE_SIGN_STYLE = Automatic;
				DEVELOPMENT_TEAM = 975YEVYX95;
				INFOPLIST_FILE = PortfolioTests/Info.plist;
				IPHONEOS_DEPLOYMENT_TARGET = 13.0;
				LD_RUNPATH_SEARCH_PATHS = (
					"$(inherited)",
					"@executable_path/Frameworks",
					"@loader_path/Frameworks",
				);
				PRODUCT_BUNDLE_IDENTIFIER = bastienFalcou.PortfolioTests;
				PRODUCT_NAME = "$(TARGET_NAME)";
				SWIFT_VERSION = 5.0;
				TARGETED_DEVICE_FAMILY = "1,2";
				TEST_HOST = "$(BUILT_PRODUCTS_DIR)/Portfolio.app/Portfolio";
			};
			name = Release;
		};
/* End XCBuildConfiguration section */

/* Begin XCConfigurationList section */
		1372F995236F67AD00FF0D86 /* Build configuration list for PBXProject "Portfolio" */ = {
			isa = XCConfigurationList;
			buildConfigurations = (
				1372F9B7236F67AF00FF0D86 /* Debug */,
				1372F9B8236F67AF00FF0D86 /* Release */,
			);
			defaultConfigurationIsVisible = 0;
			defaultConfigurationName = Release;
		};
		1372F9B9236F67AF00FF0D86 /* Build configuration list for PBXNativeTarget "Portfolio" */ = {
			isa = XCConfigurationList;
			buildConfigurations = (
				1372F9BA236F67AF00FF0D86 /* Debug */,
				1372F9BB236F67AF00FF0D86 /* Release */,
			);
			defaultConfigurationIsVisible = 0;
			defaultConfigurationName = Release;
		};
		1372F9BC236F67AF00FF0D86 /* Build configuration list for PBXNativeTarget "PortfolioTests" */ = {
			isa = XCConfigurationList;
			buildConfigurations = (
				1372F9BD236F67AF00FF0D86 /* Debug */,
				1372F9BE236F67AF00FF0D86 /* Release */,
			);
			defaultConfigurationIsVisible = 0;
			defaultConfigurationName = Release;
		};
/* End XCConfigurationList section */
	};
	rootObject = 1372F992236F67AD00FF0D86 /* Project object */;
}
